{
  "requires": true,
  "lockfileVersion": 1,
  "dependencies": {
    "matter-attractors": {
      "version": "0.1.6",
      "resolved": "https://registry.npmjs.org/matter-attractors/-/matter-attractors-0.1.6.tgz",
      "integrity": "sha1-+HuhMvts8eWPJnxtj/xZB2hoOYk="
    },
    "matter-js": {
      "version": "0.14.2",
      "resolved": "https://registry.npmjs.org/matter-js/-/matter-js-0.14.2.tgz",
      "integrity": "sha512-3ttVT8cJlQnGRjBa8MyVrGyvGmnmOkZ3YsyemIw+KwEEdVi70mo32FH1Eta2b3GfdDJFbMDRqyMQt4heNKBUEA=="
    }
  }
}
