# THIS IS AN AUTOGENERATED FILE. DO NOT EDIT THIS FILE DIRECTLY.
# yarn lockfile v1


matter-attractors@^0.1.6:
  version "0.1.6"
  resolved "https://registry.yarnpkg.com/matter-attractors/-/matter-attractors-0.1.6.tgz#f87ba132fb6cf1e58f267c6d8ffc590768683989"
  integrity sha1-+HuhMvts8eWPJnxtj/xZB2hoOYk=
